
Microsoft Visual Studio Solution File, Format Version 12.00
# Visual Studio Version 16
VisualStudioVersion = 16.0.30128.74
MinimumVisualStudioVersion = 10.0.40219.1
Project("{9A19103F-16F7-4668-BE54-9A1E7A4F7556}") = "TestAPI", "TestAPI\TestAPI.csproj", "{E4E2C86B-81C5-41DA-8B3D-D11919F8B991}"
EndProject
Project("{9A19103F-16F7-4668-BE54-9A1E7A4F7556}") = "StudentbyApi", "StudentbyApi\StudentbyApi.csproj", "{F85F099D-16C4-4668-BCA2-EC715218BD99}"
EndProject
Global
	GlobalSection(SolutionConfigurationPlatforms) = preSolution
		Debug|Any CPU = Debug|Any CPU
		Release|Any CPU = Release|Any CPU
	EndGlobalSection
	GlobalSection(ProjectConfigurationPlatforms) = postSolution
		{E4E2C86B-81C5-41DA-8B3D-D11919F8B991}.Debug|Any CPU.ActiveCfg = Debug|Any CPU
		{E4E2C86B-81C5-41DA-8B3D-D11919F8B991}.Debug|Any CPU.Build.0 = Debug|Any CPU
		{E4E2C86B-81C5-41DA-8B3D-D11919F8B991}.Release|Any CPU.ActiveCfg = Release|Any CPU
		{E4E2C86B-81C5-41DA-8B3D-D11919F8B991}.Release|Any CPU.Build.0 = Release|Any CPU
		{F85F099D-16C4-4668-BCA2-EC715218BD99}.Debug|Any CPU.ActiveCfg = Debug|Any CPU
		{F85F099D-16C4-4668-BCA2-EC715218BD99}.Debug|Any CPU.Build.0 = Debug|Any CPU
		{F85F099D-16C4-4668-BCA2-EC715218BD99}.Release|Any CPU.ActiveCfg = Release|Any CPU
		{F85F099D-16C4-4668-BCA2-EC715218BD99}.Release|Any CPU.Build.0 = Release|Any CPU
	EndGlobalSection
	GlobalSection(SolutionProperties) = preSolution
		HideSolutionNode = FALSE
	EndGlobalSection
	GlobalSection(ExtensibilityGlobals) = postSolution
		SolutionGuid = {675C4FE3-42E2-41C3-BA07-BAFC007B43D7}
	EndGlobalSection
EndGlobal
